
Microsoft Visual Studio Solution File, Format Version 12.00
# Visual Studio 2013
VisualStudioVersion = 12.0.21005.1
MinimumVisualStudioVersion = 10.0.40219.1
Project("{FAE04EC0-301F-11D3-BF4B-00C04F79EFBC}") = "CS4-Calculate Electric Bill", "CS4-Calculate Electric Bill.csproj", "{47F7BF1A-30BC-47BE-8069-7BAED9CE95F1}"
EndProject
Global
	GlobalSection(SolutionConfigurationPlatforms) = preSolution
		Debug|Any CPU = Debug|Any CPU
		Release|Any CPU = Release|Any CPU
	EndGlobalSection
	GlobalSection(ProjectConfigurationPlatforms) = postSolution
		{47F7BF1A-30BC-47BE-8069-7BAED9CE95F1}.Debug|Any CPU.ActiveCfg = Debug|Any CPU
		{47F7BF1A-30BC-47BE-8069-7BAED9CE95F1}.Debug|Any CPU.Build.0 = Debug|Any CPU
		{47F7BF1A-30BC-47BE-8069-7BAED9CE95F1}.Release|Any CPU.ActiveCfg = Release|Any CPU
		{47F7BF1A-30BC-47BE-8069-7BAED9CE95F1}.Release|Any CPU.Build.0 = Release|Any CPU
	EndGlobalSection
	GlobalSection(SolutionProperties) = preSolution
		HideSolutionNode = FALSE
	EndGlobalSection
EndGlobal
